
Microsoft Visual Studio Solution File, Format Version 12.00
# Visual Studio 15
VisualStudioVersion = 15.0.28010.2003
MinimumVisualStudioVersion = 10.0.40219.1
Project("{FAE04EC0-301F-11D3-BF4B-00C04F79EFBC}") = "ControllersAndActions", "ControllersAndActions\ControllersAndActions.csproj", "{378896D8-B3AE-4A66-859E-C18E64189962}"
EndProject
Project("{FAE04EC0-301F-11D3-BF4B-00C04F79EFBC}") = "ControllersAndActions.Tests", "ControllersAndActions.Tests\ControllersAndActions.Tests.csproj", "{456BE3CC-1A9F-48B6-96AC-F552460CE43A}"
EndProject
Global
	GlobalSection(SolutionConfigurationPlatforms) = preSolution
		Debug|Any CPU = Debug|Any CPU
		Release|Any CPU = Release|Any CPU
	EndGlobalSection
	GlobalSection(ProjectConfigurationPlatforms) = postSolution
		{378896D8-B3AE-4A66-859E-C18E64189962}.Debug|Any CPU.ActiveCfg = Debug|Any CPU
		{378896D8-B3AE-4A66-859E-C18E64189962}.Debug|Any CPU.Build.0 = Debug|Any CPU
		{378896D8-B3AE-4A66-859E-C18E64189962}.Release|Any CPU.ActiveCfg = Release|Any CPU
		{378896D8-B3AE-4A66-859E-C18E64189962}.Release|Any CPU.Build.0 = Release|Any CPU
		{456BE3CC-1A9F-48B6-96AC-F552460CE43A}.Debug|Any CPU.ActiveCfg = Debug|Any CPU
		{456BE3CC-1A9F-48B6-96AC-F552460CE43A}.Debug|Any CPU.Build.0 = Debug|Any CPU
		{456BE3CC-1A9F-48B6-96AC-F552460CE43A}.Release|Any CPU.ActiveCfg = Release|Any CPU
		{456BE3CC-1A9F-48B6-96AC-F552460CE43A}.Release|Any CPU.Build.0 = Release|Any CPU
	EndGlobalSection
	GlobalSection(SolutionProperties) = preSolution
		HideSolutionNode = FALSE
	EndGlobalSection
	GlobalSection(ExtensibilityGlobals) = postSolution
		SolutionGuid = {88AD52E3-9085-400E-9A5B-8C751660EA7B}
	EndGlobalSection
EndGlobal
